
Microsoft Visual Studio Solution File, Format Version 12.00
# Visual Studio Version 16
VisualStudioVersion = 16.0.32802.440
MinimumVisualStudioVersion = 10.0.40219.1
Project("{8BC9CEB8-8B4A-11D0-8D11-00A0C91BC942}") = "доп6", "доп6.vcxproj", "{4EB78B0C-7C46-4C5F-86E6-085C62FBADA0}"
EndProject
Global
	GlobalSection(SolutionConfigurationPlatforms) = preSolution
		Debug|x64 = Debug|x64
		Debug|x86 = Debug|x86
		Release|x64 = Release|x64
		Release|x86 = Release|x86
	EndGlobalSection
	GlobalSection(ProjectConfigurationPlatforms) = postSolution
		{4EB78B0C-7C46-4C5F-86E6-085C62FBADA0}.Debug|x64.ActiveCfg = Debug|x64
		{4EB78B0C-7C46-4C5F-86E6-085C62FBADA0}.Debug|x64.Build.0 = Debug|x64
		{4EB78B0C-7C46-4C5F-86E6-085C62FBADA0}.Debug|x86.ActiveCfg = Debug|Win32
		{4EB78B0C-7C46-4C5F-86E6-085C62FBADA0}.Debug|x86.Build.0 = Debug|Win32
		{4EB78B0C-7C46-4C5F-86E6-085C62FBADA0}.Release|x64.ActiveCfg = Release|x64
		{4EB78B0C-7C46-4C5F-86E6-085C62FBADA0}.Release|x64.Build.0 = Release|x64
		{4EB78B0C-7C46-4C5F-86E6-085C62FBADA0}.Release|x86.ActiveCfg = Release|Win32
		{4EB78B0C-7C46-4C5F-86E6-085C62FBADA0}.Release|x86.Build.0 = Release|Win32
	EndGlobalSection
	GlobalSection(SolutionProperties) = preSolution
		HideSolutionNode = FALSE
	EndGlobalSection
	GlobalSection(ExtensibilityGlobals) = postSolution
		SolutionGuid = {7888EFB6-7C0C-496C-A17B-DC1B38A3C4C8}
	EndGlobalSection
EndGlobal
